// !$*UTF8*$!
{
	archiveVersion = 1;
	classes = {
	};
	objectVersion = 56;
	objects = {

/* Begin PBXBuildFile section */
		4C6009DD2C336D1300B000EF /* RMCharacterDetailViewController.swift in Sources */ = {isa = PBXBuildFile; fileRef = 4C6009DC2C336D1300B000EF /* RMCharacterDetailViewController.swift */; };
		4C6009DF2C336E2900B000EF /* RMCharacterDetailView.swift in Sources */ = {isa = PBXBuildFile; fileRef = 4C6009DE2C336E2900B000EF /* RMCharacterDetailView.swift */; };
		4C6009E12C336F4500B000EF /* RMCharacterDetailViewViewModel.swift in Sources */ = {isa = PBXBuildFile; fileRef = 4C6009E02C336F4500B000EF /* RMCharacterDetailViewViewModel.swift */; };
		4C6578C52C3C64AB0084FC2D /* RMImageLoader.swift in Sources */ = {isa = PBXBuildFile; fileRef = 4C6578C42C3C64AB0084FC2D /* RMImageLoader.swift */; };
		4C7D361E2CA1DF0B00F6EE18 /* RMSearchViewController.swift in Sources */ = {isa = PBXBuildFile; fileRef = 4C7D361D2CA1DF0B00F6EE18 /* RMSearchViewController.swift */; };
		4C86883F2C4B033800E21FF0 /* RMCharacterPhotoCollectionViewCell.swift in Sources */ = {isa = PBXBuildFile; fileRef = 4C86883E2C4B033800E21FF0 /* RMCharacterPhotoCollectionViewCell.swift */; };
		4C8688412C4B037200E21FF0 /* RMCharacterInfoCollectionViewCell.swift in Sources */ = {isa = PBXBuildFile; fileRef = 4C8688402C4B037200E21FF0 /* RMCharacterInfoCollectionViewCell.swift */; };
		4C8688432C4B038200E21FF0 /* RMCharacterEpisodeCollectionViewCell.swift in Sources */ = {isa = PBXBuildFile; fileRef = 4C8688422C4B038200E21FF0 /* RMCharacterEpisodeCollectionViewCell.swift */; };
		4C8688462C4B041C00E21FF0 /* RMCharacterPhotoCollectionViewCellViewModel.swift in Sources */ = {isa = PBXBuildFile; fileRef = 4C8688452C4B041C00E21FF0 /* RMCharacterPhotoCollectionViewCellViewModel.swift */; };
		4C8688482C4B043000E21FF0 /* RMCharacterInfoCollectionViewCellViewModel.swift in Sources */ = {isa = PBXBuildFile; fileRef = 4C8688472C4B043000E21FF0 /* RMCharacterInfoCollectionViewCellViewModel.swift */; };
		4C86884A2C4B043F00E21FF0 /* RMCharacterEpisodeCollectionViewCellViewModel.swift in Sources */ = {isa = PBXBuildFile; fileRef = 4C8688492C4B043F00E21FF0 /* RMCharacterEpisodeCollectionViewCellViewModel.swift */; };
		4C941CE52C34703700349AE6 /* RMFooterLoadingCollectionReusableView.swift in Sources */ = {isa = PBXBuildFile; fileRef = 4C941CE42C34703700349AE6 /* RMFooterLoadingCollectionReusableView.swift */; };
		4C95D0472C2DE83100B9429B /* RMOrigin.swift in Sources */ = {isa = PBXBuildFile; fileRef = 4C95D0462C2DE83100B9429B /* RMOrigin.swift */; };
		4C95D0492C2DF57A00B9429B /* RMSingleLocation.swift in Sources */ = {isa = PBXBuildFile; fileRef = 4C95D0482C2DF57A00B9429B /* RMSingleLocation.swift */; };
		4C95D04B2C2DF81300B9429B /* RMCharacterStatus.swift in Sources */ = {isa = PBXBuildFile; fileRef = 4C95D04A2C2DF81300B9429B /* RMCharacterStatus.swift */; };
		4C95D04D2C2DF92700B9429B /* RMCharacterGender.swift in Sources */ = {isa = PBXBuildFile; fileRef = 4C95D04C2C2DF92700B9429B /* RMCharacterGender.swift */; };
		BF41E9FA2C9DFC6000A76177 /* RMGetAllEpisodesResponse.swift in Sources */ = {isa = PBXBuildFile; fileRef = BF41E9F92C9DFC6000A76177 /* RMGetAllEpisodesResponse.swift */; };
		BF5024D72C309C9A00018626 /* RMGetAllCharactersResponse.swift in Sources */ = {isa = PBXBuildFile; fileRef = BF5024D62C309C9A00018626 /* RMGetAllCharactersResponse.swift */; };
		BF5024D92C30ED9700018626 /* RMCharacterListViewViewModel.swift in Sources */ = {isa = PBXBuildFile; fileRef = BF5024D82C30ED9700018626 /* RMCharacterListViewViewModel.swift */; };
		BF5024DB2C30EE5400018626 /* RMCharacterListView.swift in Sources */ = {isa = PBXBuildFile; fileRef = BF5024DA2C30EE5400018626 /* RMCharacterListView.swift */; };
		BF5024DD2C30F63900018626 /* Extensions.swift in Sources */ = {isa = PBXBuildFile; fileRef = BF5024DC2C30F63900018626 /* Extensions.swift */; };
		BF5024DF2C31266C00018626 /* RMCharacterCollectionViewCell.swift in Sources */ = {isa = PBXBuildFile; fileRef = BF5024DE2C31266C00018626 /* RMCharacterCollectionViewCell.swift */; };
		BF5024E12C31280300018626 /* RMCharacterCollectionViewCellViewModel.swift in Sources */ = {isa = PBXBuildFile; fileRef = BF5024E02C31280300018626 /* RMCharacterCollectionViewCellViewModel.swift */; };
		BF66D8B92C8C0F25001B2311 /* RMEpisodeDetailViewController.swift in Sources */ = {isa = PBXBuildFile; fileRef = BF66D8B82C8C0F24001B2311 /* RMEpisodeDetailViewController.swift */; };
		BF66D8BB2C8C15BE001B2311 /* RMApiCacheManager.swift in Sources */ = {isa = PBXBuildFile; fileRef = BF66D8BA2C8C15BE001B2311 /* RMApiCacheManager.swift */; };
		BF67670B2C28FAA20032BAA2 /* AppDelegate.swift in Sources */ = {isa = PBXBuildFile; fileRef = BF67670A2C28FAA20032BAA2 /* AppDelegate.swift */; };
		BF67670D2C28FAA20032BAA2 /* SceneDelegate.swift in Sources */ = {isa = PBXBuildFile; fileRef = BF67670C2C28FAA20032BAA2 /* SceneDelegate.swift */; };
		BF67670F2C28FAA20032BAA2 /* RMTabViewController.swift in Sources */ = {isa = PBXBuildFile; fileRef = BF67670E2C28FAA20032BAA2 /* RMTabViewController.swift */; };
		BF6767142C28FAA40032BAA2 /* Assets.xcassets in Resources */ = {isa = PBXBuildFile; fileRef = BF6767132C28FAA40032BAA2 /* Assets.xcassets */; };
		BF6767172C28FAA40032BAA2 /* Base in Resources */ = {isa = PBXBuildFile; fileRef = BF6767162C28FAA40032BAA2 /* Base */; };
		BF6767282C28FF2D0032BAA2 /* RMCharacter.swift in Sources */ = {isa = PBXBuildFile; fileRef = BF6767272C28FF2D0032BAA2 /* RMCharacter.swift */; };
		BF67672A2C28FF5E0032BAA2 /* RMLocation.swift in Sources */ = {isa = PBXBuildFile; fileRef = BF6767292C28FF5E0032BAA2 /* RMLocation.swift */; };
		BF67672C2C28FF6C0032BAA2 /* RMEpisode.swift in Sources */ = {isa = PBXBuildFile; fileRef = BF67672B2C28FF6C0032BAA2 /* RMEpisode.swift */; };
		BF67672F2C2900370032BAA2 /* RMCharacterViewController.swift in Sources */ = {isa = PBXBuildFile; fileRef = BF67672E2C2900360032BAA2 /* RMCharacterViewController.swift */; };
		BF6767312C2900710032BAA2 /* RMSettingsViewController.swift in Sources */ = {isa = PBXBuildFile; fileRef = BF6767302C2900710032BAA2 /* RMSettingsViewController.swift */; };
		BF6767332C2900810032BAA2 /* RMLocationsViewController.swift in Sources */ = {isa = PBXBuildFile; fileRef = BF6767322C2900810032BAA2 /* RMLocationsViewController.swift */; };
		BF6767352C2900900032BAA2 /* RMEpisodeViewController.swift in Sources */ = {isa = PBXBuildFile; fileRef = BF6767342C2900900032BAA2 /* RMEpisodeViewController.swift */; };
		BF6767372C290B830032BAA2 /* RMRequest.swift in Sources */ = {isa = PBXBuildFile; fileRef = BF6767362C290B830032BAA2 /* RMRequest.swift */; };
		BF6767392C290B9D0032BAA2 /* RMService.swift in Sources */ = {isa = PBXBuildFile; fileRef = BF6767382C290B9D0032BAA2 /* RMService.swift */; };
		BF67673B2C290C1E0032BAA2 /* RMEndpoint.swift in Sources */ = {isa = PBXBuildFile; fileRef = BF67673A2C290C1E0032BAA2 /* RMEndpoint.swift */; };
		BF6A41F42C90EA8500AE2587 /* RMEpisodeDetailViewViewModel.swift in Sources */ = {isa = PBXBuildFile; fileRef = BF6A41F32C90EA8500AE2587 /* RMEpisodeDetailViewViewModel.swift */; };
		BF6A41F62C90EDC900AE2587 /* RMEpisodeDetailView.swift in Sources */ = {isa = PBXBuildFile; fileRef = BF6A41F52C90EDC900AE2587 /* RMEpisodeDetailView.swift */; };
		BF6A41F92C90F31800AE2587 /* RMEpisodeListView.swift in Sources */ = {isa = PBXBuildFile; fileRef = BF6A41F82C90F31800AE2587 /* RMEpisodeListView.swift */; };
		BFE6BA212C9DF52600CC91BE /* RMEpisodeListViewViewModel.swift in Sources */ = {isa = PBXBuildFile; fileRef = BFE6BA202C9DF52600CC91BE /* RMEpisodeListViewViewModel.swift */; };
/* End PBXBuildFile section */

/* Begin PBXFileReference section */
		4C6009DC2C336D1300B000EF /* RMCharacterDetailViewController.swift */ = {isa = PBXFileReference; lastKnownFileType = sourcecode.swift; path = RMCharacterDetailViewController.swift; sourceTree = "<group>"; };
		4C6009DE2C336E2900B000EF /* RMCharacterDetailView.swift */ = {isa = PBXFileReference; lastKnownFileType = sourcecode.swift; path = RMCharacterDetailView.swift; sourceTree = "<group>"; };
		4C6009E02C336F4500B000EF /* RMCharacterDetailViewViewModel.swift */ = {isa = PBXFileReference; lastKnownFileType = sourcecode.swift; path = RMCharacterDetailViewViewModel.swift; sourceTree = "<group>"; };
		4C6578C42C3C64AB0084FC2D /* RMImageLoader.swift */ = {isa = PBXFileReference; lastKnownFileType = sourcecode.swift; path = RMImageLoader.swift; sourceTree = "<group>"; };
		4C7D361D2CA1DF0B00F6EE18 /* RMSearchViewController.swift */ = {isa = PBXFileReference; lastKnownFileType = sourcecode.swift; path = RMSearchViewController.swift; sourceTree = "<group>"; };
		4C86883E2C4B033800E21FF0 /* RMCharacterPhotoCollectionViewCell.swift */ = {isa = PBXFileReference; lastKnownFileType = sourcecode.swift; path = RMCharacterPhotoCollectionViewCell.swift; sourceTree = "<group>"; };
		4C8688402C4B037200E21FF0 /* RMCharacterInfoCollectionViewCell.swift */ = {isa = PBXFileReference; lastKnownFileType = sourcecode.swift; path = RMCharacterInfoCollectionViewCell.swift; sourceTree = "<group>"; };
		4C8688422C4B038200E21FF0 /* RMCharacterEpisodeCollectionViewCell.swift */ = {isa = PBXFileReference; lastKnownFileType = sourcecode.swift; path = RMCharacterEpisodeCollectionViewCell.swift; sourceTree = "<group>"; };
		4C8688452C4B041C00E21FF0 /* RMCharacterPhotoCollectionViewCellViewModel.swift */ = {isa = PBXFileReference; lastKnownFileType = sourcecode.swift; path = RMCharacterPhotoCollectionViewCellViewModel.swift; sourceTree = "<group>"; };
		4C8688472C4B043000E21FF0 /* RMCharacterInfoCollectionViewCellViewModel.swift */ = {isa = PBXFileReference; lastKnownFileType = sourcecode.swift; path = RMCharacterInfoCollectionViewCellViewModel.swift; sourceTree = "<group>"; };
		4C8688492C4B043F00E21FF0 /* RMCharacterEpisodeCollectionViewCellViewModel.swift */ = {isa = PBXFileReference; lastKnownFileType = sourcecode.swift; path = RMCharacterEpisodeCollectionViewCellViewModel.swift; sourceTree = "<group>"; };
		4C941CE42C34703700349AE6 /* RMFooterLoadingCollectionReusableView.swift */ = {isa = PBXFileReference; lastKnownFileType = sourcecode.swift; path = RMFooterLoadingCollectionReusableView.swift; sourceTree = "<group>"; };
		4C95D0462C2DE83100B9429B /* RMOrigin.swift */ = {isa = PBXFileReference; lastKnownFileType = sourcecode.swift; path = RMOrigin.swift; sourceTree = "<group>"; };
		4C95D0482C2DF57A00B9429B /* RMSingleLocation.swift */ = {isa = PBXFileReference; lastKnownFileType = sourcecode.swift; path = RMSingleLocation.swift; sourceTree = "<group>"; };
		4C95D04A2C2DF81300B9429B /* RMCharacterStatus.swift */ = {isa = PBXFileReference; lastKnownFileType = sourcecode.swift; path = RMCharacterStatus.swift; sourceTree = "<group>"; };
		4C95D04C2C2DF92700B9429B /* RMCharacterGender.swift */ = {isa = PBXFileReference; lastKnownFileType = sourcecode.swift; path = RMCharacterGender.swift; sourceTree = "<group>"; };
		BF41E9F92C9DFC6000A76177 /* RMGetAllEpisodesResponse.swift */ = {isa = PBXFileReference; lastKnownFileType = sourcecode.swift; path = RMGetAllEpisodesResponse.swift; sourceTree = "<group>"; };
		BF5024D62C309C9A00018626 /* RMGetAllCharactersResponse.swift */ = {isa = PBXFileReference; lastKnownFileType = sourcecode.swift; path = RMGetAllCharactersResponse.swift; sourceTree = "<group>"; };
		BF5024D82C30ED9700018626 /* RMCharacterListViewViewModel.swift */ = {isa = PBXFileReference; lastKnownFileType = sourcecode.swift; path = RMCharacterListViewViewModel.swift; sourceTree = "<group>"; };
		BF5024DA2C30EE5400018626 /* RMCharacterListView.swift */ = {isa = PBXFileReference; lastKnownFileType = sourcecode.swift; path = RMCharacterListView.swift; sourceTree = "<group>"; };
		BF5024DC2C30F63900018626 /* Extensions.swift */ = {isa = PBXFileReference; lastKnownFileType = sourcecode.swift; path = Extensions.swift; sourceTree = "<group>"; };
		BF5024DE2C31266C00018626 /* RMCharacterCollectionViewCell.swift */ = {isa = PBXFileReference; lastKnownFileType = sourcecode.swift; path = RMCharacterCollectionViewCell.swift; sourceTree = "<group>"; };
		BF5024E02C31280300018626 /* RMCharacterCollectionViewCellViewModel.swift */ = {isa = PBXFileReference; lastKnownFileType = sourcecode.swift; path = RMCharacterCollectionViewCellViewModel.swift; sourceTree = "<group>"; };
		BF66D8B82C8C0F24001B2311 /* RMEpisodeDetailViewController.swift */ = {isa = PBXFileReference; lastKnownFileType = sourcecode.swift; path = RMEpisodeDetailViewController.swift; sourceTree = "<group>"; };
		BF66D8BA2C8C15BE001B2311 /* RMApiCacheManager.swift */ = {isa = PBXFileReference; lastKnownFileType = sourcecode.swift; path = RMApiCacheManager.swift; sourceTree = "<group>"; };
		BF6767072C28FAA20032BAA2 /* RickAndMortyApp.app */ = {isa = PBXFileReference; explicitFileType = wrapper.application; includeInIndex = 0; path = RickAndMortyApp.app; sourceTree = BUILT_PRODUCTS_DIR; };
		BF67670A2C28FAA20032BAA2 /* AppDelegate.swift */ = {isa = PBXFileReference; lastKnownFileType = sourcecode.swift; path = AppDelegate.swift; sourceTree = "<group>"; };
		BF67670C2C28FAA20032BAA2 /* SceneDelegate.swift */ = {isa = PBXFileReference; lastKnownFileType = sourcecode.swift; path = SceneDelegate.swift; sourceTree = "<group>"; };
		BF67670E2C28FAA20032BAA2 /* RMTabViewController.swift */ = {isa = PBXFileReference; lastKnownFileType = sourcecode.swift; path = RMTabViewController.swift; sourceTree = "<group>"; };
		BF6767132C28FAA40032BAA2 /* Assets.xcassets */ = {isa = PBXFileReference; lastKnownFileType = folder.assetcatalog; path = Assets.xcassets; sourceTree = "<group>"; };
		BF6767162C28FAA40032BAA2 /* Base */ = {isa = PBXFileReference; lastKnownFileType = file.storyboard; name = Base; path = Base.lproj/LaunchScreen.storyboard; sourceTree = "<group>"; };
		BF6767182C28FAA40032BAA2 /* Info.plist */ = {isa = PBXFileReference; lastKnownFileType = text.plist.xml; path = Info.plist; sourceTree = "<group>"; };
		BF6767272C28FF2D0032BAA2 /* RMCharacter.swift */ = {isa = PBXFileReference; lastKnownFileType = sourcecode.swift; path = RMCharacter.swift; sourceTree = "<group>"; };
		BF6767292C28FF5E0032BAA2 /* RMLocation.swift */ = {isa = PBXFileReference; lastKnownFileType = sourcecode.swift; path = RMLocation.swift; sourceTree = "<group>"; };
		BF67672B2C28FF6C0032BAA2 /* RMEpisode.swift */ = {isa = PBXFileReference; lastKnownFileType = sourcecode.swift; path = RMEpisode.swift; sourceTree = "<group>"; };
		BF67672E2C2900360032BAA2 /* RMCharacterViewController.swift */ = {isa = PBXFileReference; lastKnownFileType = sourcecode.swift; path = RMCharacterViewController.swift; sourceTree = "<group>"; };
		BF6767302C2900710032BAA2 /* RMSettingsViewController.swift */ = {isa = PBXFileReference; lastKnownFileType = sourcecode.swift; path = RMSettingsViewController.swift; sourceTree = "<group>"; };
		BF6767322C2900810032BAA2 /* RMLocationsViewController.swift */ = {isa = PBXFileReference; lastKnownFileType = sourcecode.swift; path = RMLocationsViewController.swift; sourceTree = "<group>"; };
		BF6767342C2900900032BAA2 /* RMEpisodeViewController.swift */ = {isa = PBXFileReference; lastKnownFileType = sourcecode.swift; path = RMEpisodeViewController.swift; sourceTree = "<group>"; };
		BF6767362C290B830032BAA2 /* RMRequest.swift */ = {isa = PBXFileReference; lastKnownFileType = sourcecode.swift; path = RMRequest.swift; sourceTree = "<group>"; };
		BF6767382C290B9D0032BAA2 /* RMService.swift */ = {isa = PBXFileReference; lastKnownFileType = sourcecode.swift; path = RMService.swift; sourceTree = "<group>"; };
		BF67673A2C290C1E0032BAA2 /* RMEndpoint.swift */ = {isa = PBXFileReference; lastKnownFileType = sourcecode.swift; path = RMEndpoint.swift; sourceTree = "<group>"; };
		BF6A41F32C90EA8500AE2587 /* RMEpisodeDetailViewViewModel.swift */ = {isa = PBXFileReference; lastKnownFileType = sourcecode.swift; path = RMEpisodeDetailViewViewModel.swift; sourceTree = "<group>"; };
		BF6A41F52C90EDC900AE2587 /* RMEpisodeDetailView.swift */ = {isa = PBXFileReference; lastKnownFileType = sourcecode.swift; path = RMEpisodeDetailView.swift; sourceTree = "<group>"; };
		BF6A41F82C90F31800AE2587 /* RMEpisodeListView.swift */ = {isa = PBXFileReference; lastKnownFileType = sourcecode.swift; path = RMEpisodeListView.swift; sourceTree = "<group>"; };
		BFE6BA202C9DF52600CC91BE /* RMEpisodeListViewViewModel.swift */ = {isa = PBXFileReference; lastKnownFileType = sourcecode.swift; path = RMEpisodeListViewViewModel.swift; sourceTree = "<group>"; };
/* End PBXFileReference section */

/* Begin PBXFrameworksBuildPhase section */
		BF6767042C28FAA20032BAA2 /* Frameworks */ = {
			isa = PBXFrameworksBuildPhase;
			buildActionMask = 2147483647;
			files = (
			);
			runOnlyForDeploymentPostprocessing = 0;
		};
/* End PBXFrameworksBuildPhase section */

/* Begin PBXGroup section */
		4C6009DB2C336C9C00B000EF /* Other */ = {
			isa = PBXGroup;
			children = (
				4C6009DC2C336D1300B000EF /* RMCharacterDetailViewController.swift */,
				BF66D8B82C8C0F24001B2311 /* RMEpisodeDetailViewController.swift */,
				4C7D361D2CA1DF0B00F6EE18 /* RMSearchViewController.swift */,
			);
			path = Other;
			sourceTree = "<group>";
		};
		4C6578C32C3C64980084FC2D /* Managers */ = {
			isa = PBXGroup;
			children = (
				4C6578C42C3C64AB0084FC2D /* RMImageLoader.swift */,
				BF66D8BA2C8C15BE001B2311 /* RMApiCacheManager.swift */,
			);
			path = Managers;
			sourceTree = "<group>";
		};
		4C86883C2C4B02CD00E21FF0 /* CharacterDetails */ = {
			isa = PBXGroup;
			children = (
				4C6009DE2C336E2900B000EF /* RMCharacterDetailView.swift */,
				4C86883E2C4B033800E21FF0 /* RMCharacterPhotoCollectionViewCell.swift */,
				4C8688402C4B037200E21FF0 /* RMCharacterInfoCollectionViewCell.swift */,
				4C8688422C4B038200E21FF0 /* RMCharacterEpisodeCollectionViewCell.swift */,
			);
			path = CharacterDetails;
			sourceTree = "<group>";
		};
		4C86883D2C4B02F600E21FF0 /* Character */ = {
			isa = PBXGroup;
			children = (
				BF5024DA2C30EE5400018626 /* RMCharacterListView.swift */,
				BF5024DE2C31266C00018626 /* RMCharacterCollectionViewCell.swift */,
			);
			path = Character;
			sourceTree = "<group>";
		};
		4C8688442C4B03AA00E21FF0 /* CharacterDetail */ = {
			isa = PBXGroup;
			children = (
				4C6009E02C336F4500B000EF /* RMCharacterDetailViewViewModel.swift */,
				4C8688452C4B041C00E21FF0 /* RMCharacterPhotoCollectionViewCellViewModel.swift */,
				4C8688472C4B043000E21FF0 /* RMCharacterInfoCollectionViewCellViewModel.swift */,
				4C8688492C4B043F00E21FF0 /* RMCharacterEpisodeCollectionViewCellViewModel.swift */,
			);
			path = CharacterDetail;
			sourceTree = "<group>";
		};
		BF5024D42C309C6800018626 /* DataTypes */ = {
			isa = PBXGroup;
			children = (
				BF6767272C28FF2D0032BAA2 /* RMCharacter.swift */,
				BF6767292C28FF5E0032BAA2 /* RMLocation.swift */,
				BF67672B2C28FF6C0032BAA2 /* RMEpisode.swift */,
				4C95D0462C2DE83100B9429B /* RMOrigin.swift */,
				4C95D0482C2DF57A00B9429B /* RMSingleLocation.swift */,
				4C95D04A2C2DF81300B9429B /* RMCharacterStatus.swift */,
				4C95D04C2C2DF92700B9429B /* RMCharacterGender.swift */,
			);
			path = DataTypes;
			sourceTree = "<group>";
		};
		BF5024D52C309C7200018626 /* ApiResponseTypes */ = {
			isa = PBXGroup;
			children = (
				BF5024D62C309C9A00018626 /* RMGetAllCharactersResponse.swift */,
				BF41E9F92C9DFC6000A76177 /* RMGetAllEpisodesResponse.swift */,
			);
			path = ApiResponseTypes;
			sourceTree = "<group>";
		};
		BF6766FE2C28FAA20032BAA2 = {
			isa = PBXGroup;
			children = (
				BF6767092C28FAA20032BAA2 /* RickAndMortyApp */,
				BF6767082C28FAA20032BAA2 /* Products */,
			);
			sourceTree = "<group>";
		};
		BF6767082C28FAA20032BAA2 /* Products */ = {
			isa = PBXGroup;
			children = (
				BF6767072C28FAA20032BAA2 /* RickAndMortyApp.app */,
			);
			name = Products;
			sourceTree = "<group>";
		};
		BF6767092C28FAA20032BAA2 /* RickAndMortyApp */ = {
			isa = PBXGroup;
			children = (
				4C6578C32C3C64980084FC2D /* Managers */,
				BF6767182C28FAA40032BAA2 /* Info.plist */,
				BF6767202C28FE260032BAA2 /* ApiClient */,
				BF6767242C28FE480032BAA2 /* Controllers */,
				BF6767232C28FE3E0032BAA2 /* Models */,
				BF67671E2C28FE0F0032BAA2 /* Resources */,
				BF6767212C28FE2F0032BAA2 /* ViewModels */,
				BF6767222C28FE380032BAA2 /* Views */,
			);
			path = RickAndMortyApp;
			sourceTree = "<group>";
		};
		BF67671E2C28FE0F0032BAA2 /* Resources */ = {
			isa = PBXGroup;
			children = (
				BF67670A2C28FAA20032BAA2 /* AppDelegate.swift */,
				BF67670C2C28FAA20032BAA2 /* SceneDelegate.swift */,
				BF6767132C28FAA40032BAA2 /* Assets.xcassets */,
				BF6767152C28FAA40032BAA2 /* LaunchScreen.storyboard */,
				BF5024DC2C30F63900018626 /* Extensions.swift */,
			);
			path = Resources;
			sourceTree = "<group>";
		};
		BF6767202C28FE260032BAA2 /* ApiClient */ = {
			isa = PBXGroup;
			children = (
				BF6767362C290B830032BAA2 /* RMRequest.swift */,
				BF67673A2C290C1E0032BAA2 /* RMEndpoint.swift */,
				BF6767382C290B9D0032BAA2 /* RMService.swift */,
			);
			path = ApiClient;
			sourceTree = "<group>";
		};
		BF6767212C28FE2F0032BAA2 /* ViewModels */ = {
			isa = PBXGroup;
			children = (
				4C8688442C4B03AA00E21FF0 /* CharacterDetail */,
				BF5024D82C30ED9700018626 /* RMCharacterListViewViewModel.swift */,
				BF5024E02C31280300018626 /* RMCharacterCollectionViewCellViewModel.swift */,
				BF6A41F32C90EA8500AE2587 /* RMEpisodeDetailViewViewModel.swift */,
				BFE6BA202C9DF52600CC91BE /* RMEpisodeListViewViewModel.swift */,
			);
			path = ViewModels;
			sourceTree = "<group>";
		};
		BF6767222C28FE380032BAA2 /* Views */ = {
			isa = PBXGroup;
			children = (
				BF6A41F72C90F2F000AE2587 /* Episode */,
				4C86883D2C4B02F600E21FF0 /* Character */,
				4C86883C2C4B02CD00E21FF0 /* CharacterDetails */,
				4C941CE42C34703700349AE6 /* RMFooterLoadingCollectionReusableView.swift */,
				BF6A41F52C90EDC900AE2587 /* RMEpisodeDetailView.swift */,
			);
			path = Views;
			sourceTree = "<group>";
		};
		BF6767232C28FE3E0032BAA2 /* Models */ = {
			isa = PBXGroup;
			children = (
				BF5024D52C309C7200018626 /* ApiResponseTypes */,
				BF5024D42C309C6800018626 /* DataTypes */,
			);
			path = Models;
			sourceTree = "<group>";
		};
		BF6767242C28FE480032BAA2 /* Controllers */ = {
			isa = PBXGroup;
			children = (
				4C6009DB2C336C9C00B000EF /* Other */,
				BF67672D2C28FFED0032BAA2 /* Core */,
			);
			path = Controllers;
			sourceTree = "<group>";
		};
		BF67672D2C28FFED0032BAA2 /* Core */ = {
			isa = PBXGroup;
			children = (
				BF67670E2C28FAA20032BAA2 /* RMTabViewController.swift */,
				BF67672E2C2900360032BAA2 /* RMCharacterViewController.swift */,
				BF6767302C2900710032BAA2 /* RMSettingsViewController.swift */,
				BF6767322C2900810032BAA2 /* RMLocationsViewController.swift */,
				BF6767342C2900900032BAA2 /* RMEpisodeViewController.swift */,
			);
			path = Core;
			sourceTree = "<group>";
		};
		BF6A41F72C90F2F000AE2587 /* Episode */ = {
			isa = PBXGroup;
			children = (
				BF6A41F82C90F31800AE2587 /* RMEpisodeListView.swift */,
			);
			path = Episode;
			sourceTree = "<group>";
		};
/* End PBXGroup section */

/* Begin PBXNativeTarget section */
		BF6767062C28FAA20032BAA2 /* RickAndMortyApp */ = {
			isa = PBXNativeTarget;
			buildConfigurationList = BF67671B2C28FAA40032BAA2 /* Build configuration list for PBXNativeTarget "RickAndMortyApp" */;
			buildPhases = (
				BF6767032C28FAA20032BAA2 /* Sources */,
				BF6767042C28FAA20032BAA2 /* Frameworks */,
				BF6767052C28FAA20032BAA2 /* Resources */,
			);
			buildRules = (
			);
			dependencies = (
			);
			name = RickAndMortyApp;
			productName = RickAndMortyApp;
			productReference = BF6767072C28FAA20032BAA2 /* RickAndMortyApp.app */;
			productType = "com.apple.product-type.application";
		};
/* End PBXNativeTarget section */

/* Begin PBXProject section */
		BF6766FF2C28FAA20032BAA2 /* Project object */ = {
			isa = PBXProject;
			attributes = {
				BuildIndependentTargetsInParallel = 1;
				LastSwiftUpdateCheck = 1540;
				LastUpgradeCheck = 1540;
				TargetAttributes = {
					BF6767062C28FAA20032BAA2 = {
						CreatedOnToolsVersion = 15.4;
					};
				};
			};
			buildConfigurationList = BF6767022C28FAA20032BAA2 /* Build configuration list for PBXProject "RickAndMortyApp" */;
			compatibilityVersion = "Xcode 14.0";
			developmentRegion = en;
			hasScannedForEncodings = 0;
			knownRegions = (
				en,
				Base,
			);
			mainGroup = BF6766FE2C28FAA20032BAA2;
			productRefGroup = BF6767082C28FAA20032BAA2 /* Products */;
			projectDirPath = "";
			projectRoot = "";
			targets = (
				BF6767062C28FAA20032BAA2 /* RickAndMortyApp */,
			);
		};
/* End PBXProject section */

/* Begin PBXResourcesBuildPhase section */
		BF6767052C28FAA20032BAA2 /* Resources */ = {
			isa = PBXResourcesBuildPhase;
			buildActionMask = 2147483647;
			files = (
				BF6767142C28FAA40032BAA2 /* Assets.xcassets in Resources */,
				BF6767172C28FAA40032BAA2 /* Base in Resources */,
			);
			runOnlyForDeploymentPostprocessing = 0;
		};
/* End PBXResourcesBuildPhase section */

/* Begin PBXSourcesBuildPhase section */
		BF6767032C28FAA20032BAA2 /* Sources */ = {
			isa = PBXSourcesBuildPhase;
			buildActionMask = 2147483647;
			files = (
				4C95D0472C2DE83100B9429B /* RMOrigin.swift in Sources */,
				4C6009E12C336F4500B000EF /* RMCharacterDetailViewViewModel.swift in Sources */,
				4C95D0492C2DF57A00B9429B /* RMSingleLocation.swift in Sources */,
				4C7D361E2CA1DF0B00F6EE18 /* RMSearchViewController.swift in Sources */,
				4C6578C52C3C64AB0084FC2D /* RMImageLoader.swift in Sources */,
				BF5024D72C309C9A00018626 /* RMGetAllCharactersResponse.swift in Sources */,
				4C95D04B2C2DF81300B9429B /* RMCharacterStatus.swift in Sources */,
				BF66D8BB2C8C15BE001B2311 /* RMApiCacheManager.swift in Sources */,
				4C95D04D2C2DF92700B9429B /* RMCharacterGender.swift in Sources */,
				BF6767312C2900710032BAA2 /* RMSettingsViewController.swift in Sources */,
				BF6A41F92C90F31800AE2587 /* RMEpisodeListView.swift in Sources */,
				4C6009DD2C336D1300B000EF /* RMCharacterDetailViewController.swift in Sources */,
				4C941CE52C34703700349AE6 /* RMFooterLoadingCollectionReusableView.swift in Sources */,
				BF67672C2C28FF6C0032BAA2 /* RMEpisode.swift in Sources */,
				4C8688412C4B037200E21FF0 /* RMCharacterInfoCollectionViewCell.swift in Sources */,
				BF6767392C290B9D0032BAA2 /* RMService.swift in Sources */,
				BF67670F2C28FAA20032BAA2 /* RMTabViewController.swift in Sources */,
				4C8688482C4B043000E21FF0 /* RMCharacterInfoCollectionViewCellViewModel.swift in Sources */,
				BF5024DF2C31266C00018626 /* RMCharacterCollectionViewCell.swift in Sources */,
				BF6767352C2900900032BAA2 /* RMEpisodeViewController.swift in Sources */,
				BF67670B2C28FAA20032BAA2 /* AppDelegate.swift in Sources */,
				BF6767332C2900810032BAA2 /* RMLocationsViewController.swift in Sources */,
				4C86883F2C4B033800E21FF0 /* RMCharacterPhotoCollectionViewCell.swift in Sources */,
				4C86884A2C4B043F00E21FF0 /* RMCharacterEpisodeCollectionViewCellViewModel.swift in Sources */,
				BF67672A2C28FF5E0032BAA2 /* RMLocation.swift in Sources */,
				BF5024DD2C30F63900018626 /* Extensions.swift in Sources */,
				4C8688462C4B041C00E21FF0 /* RMCharacterPhotoCollectionViewCellViewModel.swift in Sources */,
				BF67670D2C28FAA20032BAA2 /* SceneDelegate.swift in Sources */,
				BF67673B2C290C1E0032BAA2 /* RMEndpoint.swift in Sources */,
				BF5024DB2C30EE5400018626 /* RMCharacterListView.swift in Sources */,
				BF6A41F62C90EDC900AE2587 /* RMEpisodeDetailView.swift in Sources */,
				BF66D8B92C8C0F25001B2311 /* RMEpisodeDetailViewController.swift in Sources */,
				BF6767282C28FF2D0032BAA2 /* RMCharacter.swift in Sources */,
				BF5024E12C31280300018626 /* RMCharacterCollectionViewCellViewModel.swift in Sources */,
				BF6767372C290B830032BAA2 /* RMRequest.swift in Sources */,
				BF5024D92C30ED9700018626 /* RMCharacterListViewViewModel.swift in Sources */,
				4C8688432C4B038200E21FF0 /* RMCharacterEpisodeCollectionViewCell.swift in Sources */,
				BFE6BA212C9DF52600CC91BE /* RMEpisodeListViewViewModel.swift in Sources */,
				BF67672F2C2900370032BAA2 /* RMCharacterViewController.swift in Sources */,
				BF41E9FA2C9DFC6000A76177 /* RMGetAllEpisodesResponse.swift in Sources */,
				BF6A41F42C90EA8500AE2587 /* RMEpisodeDetailViewViewModel.swift in Sources */,
				4C6009DF2C336E2900B000EF /* RMCharacterDetailView.swift in Sources */,
			);
			runOnlyForDeploymentPostprocessing = 0;
		};
/* End PBXSourcesBuildPhase section */

/* Begin PBXVariantGroup section */
		BF6767152C28FAA40032BAA2 /* LaunchScreen.storyboard */ = {
			isa = PBXVariantGroup;
			children = (
				BF6767162C28FAA40032BAA2 /* Base */,
			);
			name = LaunchScreen.storyboard;
			sourceTree = "<group>";
		};
/* End PBXVariantGroup section */

/* Begin XCBuildConfiguration section */
		BF6767192C28FAA40032BAA2 /* Debug */ = {
			isa = XCBuildConfiguration;
			buildSettings = {
				ALWAYS_SEARCH_USER_PATHS = NO;
				ASSETCATALOG_COMPILER_GENERATE_SWIFT_ASSET_SYMBOL_EXTENSIONS = YES;
				CLANG_ANALYZER_NONNULL = YES;
				CLANG_ANALYZER_NUMBER_OBJECT_CONVERSION = YES_AGGRESSIVE;
				CLANG_CXX_LANGUAGE_STANDARD = "gnu++20";
				CLANG_ENABLE_MODULES = YES;
				CLANG_ENABLE_OBJC_ARC = YES;
				CLANG_ENABLE_OBJC_WEAK = YES;
				CLANG_WARN_BLOCK_CAPTURE_AUTORELEASING = YES;
				CLANG_WARN_BOOL_CONVERSION = YES;
				CLANG_WARN_COMMA = YES;
				CLANG_WARN_CONSTANT_CONVERSION = YES;
				CLANG_WARN_DEPRECATED_OBJC_IMPLEMENTATIONS = YES;
				CLANG_WARN_DIRECT_OBJC_ISA_USAGE = YES_ERROR;
				CLANG_WARN_DOCUMENTATION_COMMENTS = YES;
				CLANG_WARN_EMPTY_BODY = YES;
				CLANG_WARN_ENUM_CONVERSION = YES;
				CLANG_WARN_INFINITE_RECURSION = YES;
				CLANG_WARN_INT_CONVERSION = YES;
				CLANG_WARN_NON_LITERAL_NULL_CONVERSION = YES;
				CLANG_WARN_OBJC_IMPLICIT_RETAIN_SELF = YES;
				CLANG_WARN_OBJC_LITERAL_CONVERSION = YES;
				CLANG_WARN_OBJC_ROOT_CLASS = YES_ERROR;
				CLANG_WARN_QUOTED_INCLUDE_IN_FRAMEWORK_HEADER = YES;
				CLANG_WARN_RANGE_LOOP_ANALYSIS = YES;
				CLANG_WARN_STRICT_PROTOTYPES = YES;
				CLANG_WARN_SUSPICIOUS_MOVE = YES;
				CLANG_WARN_UNGUARDED_AVAILABILITY = YES_AGGRESSIVE;
				CLANG_WARN_UNREACHABLE_CODE = YES;
				CLANG_WARN__DUPLICATE_METHOD_MATCH = YES;
				COPY_PHASE_STRIP = NO;
				DEBUG_INFORMATION_FORMAT = dwarf;
				ENABLE_STRICT_OBJC_MSGSEND = YES;
				ENABLE_TESTABILITY = YES;
				ENABLE_USER_SCRIPT_SANDBOXING = YES;
				GCC_C_LANGUAGE_STANDARD = gnu17;
				GCC_DYNAMIC_NO_PIC = NO;
				GCC_NO_COMMON_BLOCKS = YES;
				GCC_OPTIMIZATION_LEVEL = 0;
				GCC_PREPROCESSOR_DEFINITIONS = (
					"DEBUG=1",
					"$(inherited)",
				);
				GCC_WARN_64_TO_32_BIT_CONVERSION = YES;
				GCC_WARN_ABOUT_RETURN_TYPE = YES_ERROR;
				GCC_WARN_UNDECLARED_SELECTOR = YES;
				GCC_WARN_UNINITIALIZED_AUTOS = YES_AGGRESSIVE;
				GCC_WARN_UNUSED_FUNCTION = YES;
				GCC_WARN_UNUSED_VARIABLE = YES;
				IPHONEOS_DEPLOYMENT_TARGET = 17.5;
				LOCALIZATION_PREFERS_STRING_CATALOGS = YES;
				MTL_ENABLE_DEBUG_INFO = INCLUDE_SOURCE;
				MTL_FAST_MATH = YES;
				ONLY_ACTIVE_ARCH = YES;
				SDKROOT = iphoneos;
				SWIFT_ACTIVE_COMPILATION_CONDITIONS = "DEBUG $(inherited)";
				SWIFT_OPTIMIZATION_LEVEL = "-Onone";
			};
			name = Debug;
		};
		BF67671A2C28FAA40032BAA2 /* Release */ = {
			isa = XCBuildConfiguration;
			buildSettings = {
				ALWAYS_SEARCH_USER_PATHS = NO;
				ASSETCATALOG_COMPILER_GENERATE_SWIFT_ASSET_SYMBOL_EXTENSIONS = YES;
				CLANG_ANALYZER_NONNULL = YES;
				CLANG_ANALYZER_NUMBER_OBJECT_CONVERSION = YES_AGGRESSIVE;
				CLANG_CXX_LANGUAGE_STANDARD = "gnu++20";
				CLANG_ENABLE_MODULES = YES;
				CLANG_ENABLE_OBJC_ARC = YES;
				CLANG_ENABLE_OBJC_WEAK = YES;
				CLANG_WARN_BLOCK_CAPTURE_AUTORELEASING = YES;
				CLANG_WARN_BOOL_CONVERSION = YES;
				CLANG_WARN_COMMA = YES;
				CLANG_WARN_CONSTANT_CONVERSION = YES;
				CLANG_WARN_DEPRECATED_OBJC_IMPLEMENTATIONS = YES;
				CLANG_WARN_DIRECT_OBJC_ISA_USAGE = YES_ERROR;
				CLANG_WARN_DOCUMENTATION_COMMENTS = YES;
				CLANG_WARN_EMPTY_BODY = YES;
				CLANG_WARN_ENUM_CONVERSION = YES;
				CLANG_WARN_INFINITE_RECURSION = YES;
				CLANG_WARN_INT_CONVERSION = YES;
				CLANG_WARN_NON_LITERAL_NULL_CONVERSION = YES;
				CLANG_WARN_OBJC_IMPLICIT_RETAIN_SELF = YES;
				CLANG_WARN_OBJC_LITERAL_CONVERSION = YES;
				CLANG_WARN_OBJC_ROOT_CLASS = YES_ERROR;
				CLANG_WARN_QUOTED_INCLUDE_IN_FRAMEWORK_HEADER = YES;
				CLANG_WARN_RANGE_LOOP_ANALYSIS = YES;
				CLANG_WARN_STRICT_PROTOTYPES = YES;
				CLANG_WARN_SUSPICIOUS_MOVE = YES;
				CLANG_WARN_UNGUARDED_AVAILABILITY = YES_AGGRESSIVE;
				CLANG_WARN_UNREACHABLE_CODE = YES;
				CLANG_WARN__DUPLICATE_METHOD_MATCH = YES;
				COPY_PHASE_STRIP = NO;
				DEBUG_INFORMATION_FORMAT = "dwarf-with-dsym";
				ENABLE_NS_ASSERTIONS = NO;
				ENABLE_STRICT_OBJC_MSGSEND = YES;
				ENABLE_USER_SCRIPT_SANDBOXING = YES;
				GCC_C_LANGUAGE_STANDARD = gnu17;
				GCC_NO_COMMON_BLOCKS = YES;
				GCC_WARN_64_TO_32_BIT_CONVERSION = YES;
				GCC_WARN_ABOUT_RETURN_TYPE = YES_ERROR;
				GCC_WARN_UNDECLARED_SELECTOR = YES;
				GCC_WARN_UNINITIALIZED_AUTOS = YES_AGGRESSIVE;
				GCC_WARN_UNUSED_FUNCTION = YES;
				GCC_WARN_UNUSED_VARIABLE = YES;
				IPHONEOS_DEPLOYMENT_TARGET = 17.5;
				LOCALIZATION_PREFERS_STRING_CATALOGS = YES;
				MTL_ENABLE_DEBUG_INFO = NO;
				MTL_FAST_MATH = YES;
				SDKROOT = iphoneos;
				SWIFT_COMPILATION_MODE = wholemodule;
				VALIDATE_PRODUCT = YES;
			};
			name = Release;
		};
		BF67671C2C28FAA40032BAA2 /* Debug */ = {
			isa = XCBuildConfiguration;
			buildSettings = {
				ASSETCATALOG_COMPILER_APPICON_NAME = AppIcon;
				ASSETCATALOG_COMPILER_GLOBAL_ACCENT_COLOR_NAME = AccentColor;
				CODE_SIGN_STYLE = Automatic;
				CURRENT_PROJECT_VERSION = 1;
				DEVELOPMENT_TEAM = S7X65V953V;
				GENERATE_INFOPLIST_FILE = YES;
				INFOPLIST_FILE = RickAndMortyApp/Info.plist;
				INFOPLIST_KEY_UIApplicationSupportsIndirectInputEvents = YES;
				INFOPLIST_KEY_UILaunchStoryboardName = LaunchScreen;
				INFOPLIST_KEY_UISupportedInterfaceOrientations_iPad = "UIInterfaceOrientationPortrait UIInterfaceOrientationPortraitUpsideDown UIInterfaceOrientationLandscapeLeft UIInterfaceOrientationLandscapeRight";
				INFOPLIST_KEY_UISupportedInterfaceOrientations_iPhone = "UIInterfaceOrientationPortrait UIInterfaceOrientationLandscapeLeft UIInterfaceOrientationLandscapeRight";
				LD_RUNPATH_SEARCH_PATHS = (
					"$(inherited)",
					"@executable_path/Frameworks",
				);
				MARKETING_VERSION = 1.0;
				PRODUCT_BUNDLE_IDENTIFIER = com.hhugo.RickAndMortyApp;
				PRODUCT_NAME = "$(TARGET_NAME)";
				SWIFT_EMIT_LOC_STRINGS = YES;
				SWIFT_VERSION = 5.0;
				TARGETED_DEVICE_FAMILY = "1,2";
			};
			name = Debug;
		};
		BF67671D2C28FAA40032BAA2 /* Release */ = {
			isa = XCBuildConfiguration;
			buildSettings = {
				ASSETCATALOG_COMPILER_APPICON_NAME = AppIcon;
				ASSETCATALOG_COMPILER_GLOBAL_ACCENT_COLOR_NAME = AccentColor;
				CODE_SIGN_STYLE = Automatic;
				CURRENT_PROJECT_VERSION = 1;
				DEVELOPMENT_TEAM = S7X65V953V;
				GENERATE_INFOPLIST_FILE = YES;
				INFOPLIST_FILE = RickAndMortyApp/Info.plist;
				INFOPLIST_KEY_UIApplicationSupportsIndirectInputEvents = YES;
				INFOPLIST_KEY_UILaunchStoryboardName = LaunchScreen;
				INFOPLIST_KEY_UISupportedInterfaceOrientations_iPad = "UIInterfaceOrientationPortrait UIInterfaceOrientationPortraitUpsideDown UIInterfaceOrientationLandscapeLeft UIInterfaceOrientationLandscapeRight";
				INFOPLIST_KEY_UISupportedInterfaceOrientations_iPhone = "UIInterfaceOrientationPortrait UIInterfaceOrientationLandscapeLeft UIInterfaceOrientationLandscapeRight";
				LD_RUNPATH_SEARCH_PATHS = (
					"$(inherited)",
					"@executable_path/Frameworks",
				);
				MARKETING_VERSION = 1.0;
				PRODUCT_BUNDLE_IDENTIFIER = com.hhugo.RickAndMortyApp;
				PRODUCT_NAME = "$(TARGET_NAME)";
				SWIFT_EMIT_LOC_STRINGS = YES;
				SWIFT_VERSION = 5.0;
				TARGETED_DEVICE_FAMILY = "1,2";
			};
			name = Release;
		};
/* End XCBuildConfiguration section */

/* Begin XCConfigurationList section */
		BF6767022C28FAA20032BAA2 /* Build configuration list for PBXProject "RickAndMortyApp" */ = {
			isa = XCConfigurationList;
			buildConfigurations = (
				BF6767192C28FAA40032BAA2 /* Debug */,
				BF67671A2C28FAA40032BAA2 /* Release */,
			);
			defaultConfigurationIsVisible = 0;
			defaultConfigurationName = Release;
		};
		BF67671B2C28FAA40032BAA2 /* Build configuration list for PBXNativeTarget "RickAndMortyApp" */ = {
			isa = XCConfigurationList;
			buildConfigurations = (
				BF67671C2C28FAA40032BAA2 /* Debug */,
				BF67671D2C28FAA40032BAA2 /* Release */,
			);
			defaultConfigurationIsVisible = 0;
			defaultConfigurationName = Release;
		};
/* End XCConfigurationList section */
	};
	rootObject = BF6766FF2C28FAA20032BAA2 /* Project object */;
}
